
Microsoft Visual Studio Solution File, Format Version 12.00
# Visual Studio 2012
Project("{FAE04EC0-301F-11D3-BF4B-00C04F79EFBC}") = "ContourFinding", "ContourFinding\ContourFinding.csproj", "{68591CBA-FC49-40B5-96EB-3A473F690CDE}"
EndProject
Global
	GlobalSection(SolutionConfigurationPlatforms) = preSolution
		Debug|Any CPU = Debug|Any CPU
		Release|Any CPU = Release|Any CPU
	EndGlobalSection
	GlobalSection(ProjectConfigurationPlatforms) = postSolution
		{68591CBA-FC49-40B5-96EB-3A473F690CDE}.Debug|Any CPU.ActiveCfg = Debug|Any CPU
		{68591CBA-FC49-40B5-96EB-3A473F690CDE}.Debug|Any CPU.Build.0 = Debug|Any CPU
		{68591CBA-FC49-40B5-96EB-3A473F690CDE}.Release|Any CPU.ActiveCfg = Release|Any CPU
		{68591CBA-FC49-40B5-96EB-3A473F690CDE}.Release|Any CPU.Build.0 = Release|Any CPU
	EndGlobalSection
	GlobalSection(SolutionProperties) = preSolution
		HideSolutionNode = FALSE
	EndGlobalSection
EndGlobal
