
Microsoft Visual Studio Solution File, Format Version 12.00
# Visual Studio 2012
Project("{FAE04EC0-301F-11D3-BF4B-00C04F79EFBC}") = "ImageStitching", "ImageStitching\ImageStitching.csproj", "{C2D16FF3-C444-4E1B-B96B-3AC9BFF59A85}"
EndProject
Global
	GlobalSection(SolutionConfigurationPlatforms) = preSolution
		Debug|Any CPU = Debug|Any CPU
		Release|Any CPU = Release|Any CPU
	EndGlobalSection
	GlobalSection(ProjectConfigurationPlatforms) = postSolution
		{C2D16FF3-C444-4E1B-B96B-3AC9BFF59A85}.Debug|Any CPU.ActiveCfg = Debug|Any CPU
		{C2D16FF3-C444-4E1B-B96B-3AC9BFF59A85}.Debug|Any CPU.Build.0 = Debug|Any CPU
		{C2D16FF3-C444-4E1B-B96B-3AC9BFF59A85}.Release|Any CPU.ActiveCfg = Release|Any CPU
		{C2D16FF3-C444-4E1B-B96B-3AC9BFF59A85}.Release|Any CPU.Build.0 = Release|Any CPU
	EndGlobalSection
	GlobalSection(SolutionProperties) = preSolution
		HideSolutionNode = FALSE
	EndGlobalSection
EndGlobal
