
Microsoft Visual Studio Solution File, Format Version 12.00
# Visual Studio 2012
Project("{FAE04EC0-301F-11D3-BF4B-00C04F79EFBC}") = "FaceDetection", "FaceDetection\FaceDetection.csproj", "{0AD04EC7-2FC5-42AA-B21A-8C21EDE16D04}"
EndProject
Global
	GlobalSection(SolutionConfigurationPlatforms) = preSolution
		Debug|Any CPU = Debug|Any CPU
		Release|Any CPU = Release|Any CPU
	EndGlobalSection
	GlobalSection(ProjectConfigurationPlatforms) = postSolution
		{0AD04EC7-2FC5-42AA-B21A-8C21EDE16D04}.Debug|Any CPU.ActiveCfg = Debug|Any CPU
		{0AD04EC7-2FC5-42AA-B21A-8C21EDE16D04}.Debug|Any CPU.Build.0 = Debug|Any CPU
		{0AD04EC7-2FC5-42AA-B21A-8C21EDE16D04}.Release|Any CPU.ActiveCfg = Release|Any CPU
		{0AD04EC7-2FC5-42AA-B21A-8C21EDE16D04}.Release|Any CPU.Build.0 = Release|Any CPU
	EndGlobalSection
	GlobalSection(SolutionProperties) = preSolution
		HideSolutionNode = FALSE
	EndGlobalSection
EndGlobal
