
Microsoft Visual Studio Solution File, Format Version 12.00
# Visual Studio 2012
Project("{FAE04EC0-301F-11D3-BF4B-00C04F79EFBC}") = "HelloWorldEmguCVProject", "HelloWorldEmguCVProject\HelloWorldEmguCVProject.csproj", "{07F6A6FF-6144-493E-AB3F-DDCDF25FDDBF}"
EndProject
Global
	GlobalSection(SolutionConfigurationPlatforms) = preSolution
		Debug|Any CPU = Debug|Any CPU
		Release|Any CPU = Release|Any CPU
	EndGlobalSection
	GlobalSection(ProjectConfigurationPlatforms) = postSolution
		{07F6A6FF-6144-493E-AB3F-DDCDF25FDDBF}.Debug|Any CPU.ActiveCfg = Debug|Any CPU
		{07F6A6FF-6144-493E-AB3F-DDCDF25FDDBF}.Debug|Any CPU.Build.0 = Debug|Any CPU
		{07F6A6FF-6144-493E-AB3F-DDCDF25FDDBF}.Release|Any CPU.ActiveCfg = Release|Any CPU
		{07F6A6FF-6144-493E-AB3F-DDCDF25FDDBF}.Release|Any CPU.Build.0 = Release|Any CPU
	EndGlobalSection
	GlobalSection(SolutionProperties) = preSolution
		HideSolutionNode = FALSE
	EndGlobalSection
EndGlobal
