
Microsoft Visual Studio Solution File, Format Version 12.00
# Visual Studio 2012
Project("{FAE04EC0-301F-11D3-BF4B-00C04F79EFBC}") = "CannyEdgeDetector", "CannyEdgeDetector\CannyEdgeDetector.csproj", "{DBD20B4D-1268-4D71-B31E-B361991BF770}"
EndProject
Global
	GlobalSection(SolutionConfigurationPlatforms) = preSolution
		Debug|Any CPU = Debug|Any CPU
		Release|Any CPU = Release|Any CPU
	EndGlobalSection
	GlobalSection(ProjectConfigurationPlatforms) = postSolution
		{DBD20B4D-1268-4D71-B31E-B361991BF770}.Debug|Any CPU.ActiveCfg = Debug|Any CPU
		{DBD20B4D-1268-4D71-B31E-B361991BF770}.Debug|Any CPU.Build.0 = Debug|Any CPU
		{DBD20B4D-1268-4D71-B31E-B361991BF770}.Release|Any CPU.ActiveCfg = Release|Any CPU
		{DBD20B4D-1268-4D71-B31E-B361991BF770}.Release|Any CPU.Build.0 = Release|Any CPU
	EndGlobalSection
	GlobalSection(SolutionProperties) = preSolution
		HideSolutionNode = FALSE
	EndGlobalSection
EndGlobal
